
Microsoft Visual Studio Solution File, Format Version 12.00
# Visual Studio Version 17
VisualStudioVersion = 17.0.31903.59
MinimumVisualStudioVersion = 10.0.40219.1
Project("{2150E333-8FDC-42A3-9474-1A3956D46DE8}") = "src", "src", "{827E0CD3-B72D-47B6-A68D-7590B98EB39B}"
EndProject
Project("{FAE04EC0-301F-11D3-BF4B-00C04F79EFBC}") = "LTW.Simulation", "src\LTW.Simulation\LTW.Simulation.csproj", "{8B73D69D-F1FD-4925-A3F8-0EB8C36E7ED6}"
EndProject
Project("{2150E333-8FDC-42A3-9474-1A3956D46DE8}") = "tests", "tests", "{0AB3BF05-4346-4AA6-1389-037BE0695223}"
EndProject
Project("{FAE04EC0-301F-11D3-BF4B-00C04F79EFBC}") = "LTW.Tests", "tests\LTW.Tests\LTW.Tests.csproj", "{2AD7CEC6-7D97-454F-85F2-886D4C99A059}"
EndProject
Project("{FAE04EC0-301F-11D3-BF4B-00C04F79EFBC}") = "LTW.MatchServer", "src\LTW.MatchServer\LTW.MatchServer.csproj", "{9804E88E-ED8A-43D1-B461-67234683C9D8}"
EndProject
Project("{FAE04EC0-301F-11D3-BF4B-00C04F79EFBC}") = "LTW.MatchServer.Tests", "tests\LTW.MatchServer.Tests\LTW.MatchServer.Tests.csproj", "{5C4CC780-A8FF-47DC-916D-E86110EE0291}"
EndProject
Global
	GlobalSection(SolutionConfigurationPlatforms) = preSolution
		Debug|Any CPU = Debug|Any CPU
		Debug|x64 = Debug|x64
		Debug|x86 = Debug|x86
		Release|Any CPU = Release|Any CPU
		Release|x64 = Release|x64
		Release|x86 = Release|x86
	EndGlobalSection
	GlobalSection(ProjectConfigurationPlatforms) = postSolution
		{8B73D69D-F1FD-4925-A3F8-0EB8C36E7ED6}.Debug|Any CPU.ActiveCfg = Debug|Any CPU
		{8B73D69D-F1FD-4925-A3F8-0EB8C36E7ED6}.Debug|Any CPU.Build.0 = Debug|Any CPU
		{8B73D69D-F1FD-4925-A3F8-0EB8C36E7ED6}.Debug|x64.ActiveCfg = Debug|Any CPU
		{8B73D69D-F1FD-4925-A3F8-0EB8C36E7ED6}.Debug|x64.Build.0 = Debug|Any CPU
		{8B73D69D-F1FD-4925-A3F8-0EB8C36E7ED6}.Debug|x86.ActiveCfg = Debug|Any CPU
		{8B73D69D-F1FD-4925-A3F8-0EB8C36E7ED6}.Debug|x86.Build.0 = Debug|Any CPU
		{8B73D69D-F1FD-4925-A3F8-0EB8C36E7ED6}.Release|Any CPU.ActiveCfg = Release|Any CPU
		{8B73D69D-F1FD-4925-A3F8-0EB8C36E7ED6}.Release|Any CPU.Build.0 = Release|Any CPU
		{8B73D69D-F1FD-4925-A3F8-0EB8C36E7ED6}.Release|x64.ActiveCfg = Release|Any CPU
		{8B73D69D-F1FD-4925-A3F8-0EB8C36E7ED6}.Release|x64.Build.0 = Release|Any CPU
		{8B73D69D-F1FD-4925-A3F8-0EB8C36E7ED6}.Release|x86.ActiveCfg = Release|Any CPU
		{8B73D69D-F1FD-4925-A3F8-0EB8C36E7ED6}.Release|x86.Build.0 = Release|Any CPU
		{2AD7CEC6-7D97-454F-85F2-886D4C99A059}.Debug|Any CPU.ActiveCfg = Debug|Any CPU
		{2AD7CEC6-7D97-454F-85F2-886D4C99A059}.Debug|Any CPU.Build.0 = Debug|Any CPU
		{2AD7CEC6-7D97-454F-85F2-886D4C99A059}.Debug|x64.ActiveCfg = Debug|Any CPU
		{2AD7CEC6-7D97-454F-85F2-886D4C99A059}.Debug|x64.Build.0 = Debug|Any CPU
		{2AD7CEC6-7D97-454F-85F2-886D4C99A059}.Debug|x86.ActiveCfg = Debug|Any CPU
		{2AD7CEC6-7D97-454F-85F2-886D4C99A059}.Debug|x86.Build.0 = Debug|Any CPU
		{2AD7CEC6-7D97-454F-85F2-886D4C99A059}.Release|Any CPU.ActiveCfg = Release|Any CPU
		{2AD7CEC6-7D97-454F-85F2-886D4C99A059}.Release|Any CPU.Build.0 = Release|Any CPU
		{2AD7CEC6-7D97-454F-85F2-886D4C99A059}.Release|x64.ActiveCfg = Release|Any CPU
		{2AD7CEC6-7D97-454F-85F2-886D4C99A059}.Release|x64.Build.0 = Release|Any CPU
		{2AD7CEC6-7D97-454F-85F2-886D4C99A059}.Release|x86.ActiveCfg = Release|Any CPU
		{2AD7CEC6-7D97-454F-85F2-886D4C99A059}.Release|x86.Build.0 = Release|Any CPU
		{9804E88E-ED8A-43D1-B461-67234683C9D8}.Debug|Any CPU.ActiveCfg = Debug|Any CPU
		{9804E88E-ED8A-43D1-B461-67234683C9D8}.Debug|Any CPU.Build.0 = Debug|Any CPU
		{9804E88E-ED8A-43D1-B461-67234683C9D8}.Debug|x64.ActiveCfg = Debug|Any CPU
		{9804E88E-ED8A-43D1-B461-67234683C9D8}.Debug|x64.Build.0 = Debug|Any CPU
		{9804E88E-ED8A-43D1-B461-67234683C9D8}.Debug|x86.ActiveCfg = Debug|Any CPU
		{9804E88E-ED8A-43D1-B461-67234683C9D8}.Debug|x86.Build.0 = Debug|Any CPU
		{9804E88E-ED8A-43D1-B461-67234683C9D8}.Release|Any CPU.ActiveCfg = Release|Any CPU
		{9804E88E-ED8A-43D1-B461-67234683C9D8}.Release|Any CPU.Build.0 = Release|Any CPU
		{9804E88E-ED8A-43D1-B461-67234683C9D8}.Release|x64.ActiveCfg = Release|Any CPU
		{9804E88E-ED8A-43D1-B461-67234683C9D8}.Release|x64.Build.0 = Release|Any CPU
		{9804E88E-ED8A-43D1-B461-67234683C9D8}.Release|x86.ActiveCfg = Release|Any CPU
		{9804E88E-ED8A-43D1-B461-67234683C9D8}.Release|x86.Build.0 = Release|Any CPU
		{5C4CC780-A8FF-47DC-916D-E86110EE0291}.Debug|Any CPU.ActiveCfg = Debug|Any CPU
		{5C4CC780-A8FF-47DC-916D-E86110EE0291}.Debug|Any CPU.Build.0 = Debug|Any CPU
		{5C4CC780-A8FF-47DC-916D-E86110EE0291}.Debug|x64.ActiveCfg = Debug|Any CPU
		{5C4CC780-A8FF-47DC-916D-E86110EE0291}.Debug|x64.Build.0 = Debug|Any CPU
		{5C4CC780-A8FF-47DC-916D-E86110EE0291}.Debug|x86.ActiveCfg = Debug|Any CPU
		{5C4CC780-A8FF-47DC-916D-E86110EE0291}.Debug|x86.Build.0 = Debug|Any CPU
		{5C4CC780-A8FF-47DC-916D-E86110EE0291}.Release|Any CPU.ActiveCfg = Release|Any CPU
		{5C4CC780-A8FF-47DC-916D-E86110EE0291}.Release|Any CPU.Build.0 = Release|Any CPU
		{5C4CC780-A8FF-47DC-916D-E86110EE0291}.Release|x64.ActiveCfg = Release|Any CPU
		{5C4CC780-A8FF-47DC-916D-E86110EE0291}.Release|x64.Build.0 = Release|Any CPU
		{5C4CC780-A8FF-47DC-916D-E86110EE0291}.Release|x86.ActiveCfg = Release|Any CPU
		{5C4CC780-A8FF-47DC-916D-E86110EE0291}.Release|x86.Build.0 = Release|Any CPU
	EndGlobalSection
	GlobalSection(SolutionProperties) = preSolution
		HideSolutionNode = FALSE
	EndGlobalSection
	GlobalSection(NestedProjects) = preSolution
		{8B73D69D-F1FD-4925-A3F8-0EB8C36E7ED6} = {827E0CD3-B72D-47B6-A68D-7590B98EB39B}
		{2AD7CEC6-7D97-454F-85F2-886D4C99A059} = {0AB3BF05-4346-4AA6-1389-037BE0695223}
		{9804E88E-ED8A-43D1-B461-67234683C9D8} = {827E0CD3-B72D-47B6-A68D-7590B98EB39B}
		{5C4CC780-A8FF-47DC-916D-E86110EE0291} = {0AB3BF05-4346-4AA6-1389-037BE0695223}
	EndGlobalSection
EndGlobal
